
Microsoft Visual Studio Solution File, Format Version 12.00
# Visual Studio Version 17
VisualStudioVersion = 17.4.33205.214
MinimumVisualStudioVersion = 10.0.40219.1
Project("{FAE04EC0-301F-11D3-BF4B-00C04F79EFBC}") = "ControlIngresosGastos", "ControlIngresosGastos\ControlIngresosGastos.csproj", "{BE0BB4D0-CD47-4658-AFFD-228F816C3AF3}"
EndProject
Global
	GlobalSection(SolutionConfigurationPlatforms) = preSolution
		Debug|Any CPU = Debug|Any CPU
		Release|Any CPU = Release|Any CPU
	EndGlobalSection
	GlobalSection(ProjectConfigurationPlatforms) = postSolution
		{BE0BB4D0-CD47-4658-AFFD-228F816C3AF3}.Debug|Any CPU.ActiveCfg = Debug|Any CPU
		{BE0BB4D0-CD47-4658-AFFD-228F816C3AF3}.Debug|Any CPU.Build.0 = Debug|Any CPU
		{BE0BB4D0-CD47-4658-AFFD-228F816C3AF3}.Release|Any CPU.ActiveCfg = Release|Any CPU
		{BE0BB4D0-CD47-4658-AFFD-228F816C3AF3}.Release|Any CPU.Build.0 = Release|Any CPU
	EndGlobalSection
	GlobalSection(SolutionProperties) = preSolution
		HideSolutionNode = FALSE
	EndGlobalSection
	GlobalSection(ExtensibilityGlobals) = postSolution
		SolutionGuid = {C92DAF4A-8E48-430E-8F72-86FD504D2807}
	EndGlobalSection
EndGlobal
